
Microsoft Visual Studio Solution File, Format Version 12.00
# Visual Studio 15
VisualStudioVersion = 15.0.26430.12
MinimumVisualStudioVersion = 10.0.40219.1
Project("{8BC9CEB8-8B4A-11D0-8D11-00A0C91BC942}") = "TinyGameJam", "TinyGameJam\TinyGameJam.vcxproj", "{D680235B-2A1F-4327-BFF9-73552EF8A673}"
EndProject
Global
	GlobalSection(SolutionConfigurationPlatforms) = preSolution
		Debug|x64 = Debug|x64
		Debug|x86 = Debug|x86
		Release|x64 = Release|x64
		Release|x86 = Release|x86
	EndGlobalSection
	GlobalSection(ProjectConfigurationPlatforms) = postSolution
		{D680235B-2A1F-4327-BFF9-73552EF8A673}.Debug|x64.ActiveCfg = Debug|x64
		{D680235B-2A1F-4327-BFF9-73552EF8A673}.Debug|x64.Build.0 = Debug|x64
		{D680235B-2A1F-4327-BFF9-73552EF8A673}.Debug|x86.ActiveCfg = Debug|Win32
		{D680235B-2A1F-4327-BFF9-73552EF8A673}.Debug|x86.Build.0 = Debug|Win32
		{D680235B-2A1F-4327-BFF9-73552EF8A673}.Release|x64.ActiveCfg = Release|x64
		{D680235B-2A1F-4327-BFF9-73552EF8A673}.Release|x64.Build.0 = Release|x64
		{D680235B-2A1F-4327-BFF9-73552EF8A673}.Release|x86.ActiveCfg = Release|Win32
		{D680235B-2A1F-4327-BFF9-73552EF8A673}.Release|x86.Build.0 = Release|Win32
	EndGlobalSection
	GlobalSection(SolutionProperties) = preSolution
		HideSolutionNode = FALSE
	EndGlobalSection
EndGlobal
